
Microsoft Visual Studio Solution File, Format Version 12.00
# Visual Studio Version 16
VisualStudioVersion = 16.0.30406.217
MinimumVisualStudioVersion = 10.0.40219.1
Project("{FAE04EC0-301F-11D3-BF4B-00C04F79EFBC}") = "SportsStore", "SportsStore\SportsStore.csproj", "{FCE91DE9-397E-4DF6-ABFA-70BD99CF87E0}"
EndProject
Project("{FAE04EC0-301F-11D3-BF4B-00C04F79EFBC}") = "SportsStore.Tests", "SportsStore.Tests\SportsStore.Tests.csproj", "{DE64B9DA-4D40-460C-9A01-F347E311E9E9}"
EndProject
Global
	GlobalSection(SolutionConfigurationPlatforms) = preSolution
		Debug|Any CPU = Debug|Any CPU
		Release|Any CPU = Release|Any CPU
	EndGlobalSection
	GlobalSection(ProjectConfigurationPlatforms) = postSolution
		{FCE91DE9-397E-4DF6-ABFA-70BD99CF87E0}.Debug|Any CPU.ActiveCfg = Debug|Any CPU
		{FCE91DE9-397E-4DF6-ABFA-70BD99CF87E0}.Debug|Any CPU.Build.0 = Debug|Any CPU
		{FCE91DE9-397E-4DF6-ABFA-70BD99CF87E0}.Release|Any CPU.ActiveCfg = Release|Any CPU
		{FCE91DE9-397E-4DF6-ABFA-70BD99CF87E0}.Release|Any CPU.Build.0 = Release|Any CPU
		{DE64B9DA-4D40-460C-9A01-F347E311E9E9}.Debug|Any CPU.ActiveCfg = Debug|Any CPU
		{DE64B9DA-4D40-460C-9A01-F347E311E9E9}.Debug|Any CPU.Build.0 = Debug|Any CPU
		{DE64B9DA-4D40-460C-9A01-F347E311E9E9}.Release|Any CPU.ActiveCfg = Release|Any CPU
		{DE64B9DA-4D40-460C-9A01-F347E311E9E9}.Release|Any CPU.Build.0 = Release|Any CPU
	EndGlobalSection
	GlobalSection(SolutionProperties) = preSolution
		HideSolutionNode = FALSE
	EndGlobalSection
	GlobalSection(ExtensibilityGlobals) = postSolution
		SolutionGuid = {CE79FAC9-5E32-4E72-91B1-766A939C30BD}
	EndGlobalSection
EndGlobal
